
Microsoft Visual Studio Solution File, Format Version 12.00
# Visual Studio Version 16
VisualStudioVersion = 16.0.30523.141
MinimumVisualStudioVersion = 10.0.40219.1
Project("{FAE04EC0-301F-11D3-BF4B-00C04F79EFBC}") = "Shared", "Shared\Shared.csproj", "{5AADAC17-1853-40B9-A15A-4171C9CB9A2D}"
EndProject
Project("{FAE04EC0-301F-11D3-BF4B-00C04F79EFBC}") = "MatchThree.Desktop", "MatchThree.Desktop\MatchThree.Desktop.csproj", "{2750501D-02D2-4723-869C-DD490CD151C6}"
EndProject
Global
	GlobalSection(SolutionConfigurationPlatforms) = preSolution
		Debug|Any CPU = Debug|Any CPU
		Debug|x86 = Debug|x86
		Release|Any CPU = Release|Any CPU
		Release|x86 = Release|x86
	EndGlobalSection
	GlobalSection(ProjectConfigurationPlatforms) = postSolution
		{5AADAC17-1853-40B9-A15A-4171C9CB9A2D}.Debug|Any CPU.ActiveCfg = Debug|Any CPU
		{5AADAC17-1853-40B9-A15A-4171C9CB9A2D}.Debug|Any CPU.Build.0 = Debug|Any CPU
		{5AADAC17-1853-40B9-A15A-4171C9CB9A2D}.Debug|x86.ActiveCfg = Debug|Any CPU
		{5AADAC17-1853-40B9-A15A-4171C9CB9A2D}.Debug|x86.Build.0 = Debug|Any CPU
		{5AADAC17-1853-40B9-A15A-4171C9CB9A2D}.Release|Any CPU.ActiveCfg = Release|Any CPU
		{5AADAC17-1853-40B9-A15A-4171C9CB9A2D}.Release|Any CPU.Build.0 = Release|Any CPU
		{5AADAC17-1853-40B9-A15A-4171C9CB9A2D}.Release|x86.ActiveCfg = Release|Any CPU
		{5AADAC17-1853-40B9-A15A-4171C9CB9A2D}.Release|x86.Build.0 = Release|Any CPU
		{2750501D-02D2-4723-869C-DD490CD151C6}.Debug|Any CPU.ActiveCfg = Debug|Any CPU
		{2750501D-02D2-4723-869C-DD490CD151C6}.Debug|Any CPU.Build.0 = Debug|Any CPU
		{2750501D-02D2-4723-869C-DD490CD151C6}.Debug|x86.ActiveCfg = Debug|Any CPU
		{2750501D-02D2-4723-869C-DD490CD151C6}.Debug|x86.Build.0 = Debug|Any CPU
		{2750501D-02D2-4723-869C-DD490CD151C6}.Release|Any CPU.ActiveCfg = Release|Any CPU
		{2750501D-02D2-4723-869C-DD490CD151C6}.Release|Any CPU.Build.0 = Release|Any CPU
		{2750501D-02D2-4723-869C-DD490CD151C6}.Release|x86.ActiveCfg = Release|Any CPU
		{2750501D-02D2-4723-869C-DD490CD151C6}.Release|x86.Build.0 = Release|Any CPU
	EndGlobalSection
	GlobalSection(SolutionProperties) = preSolution
		HideSolutionNode = FALSE
	EndGlobalSection
	GlobalSection(ExtensibilityGlobals) = postSolution
		SolutionGuid = {B4C2CF79-073C-4F91-A2C2-1FC1430CA372}
	EndGlobalSection
EndGlobal
